
Microsoft Visual Studio Solution File, Format Version 12.00
# Visual Studio Version 17
VisualStudioVersion = 17.7.34221.43
MinimumVisualStudioVersion = 10.0.40219.1
Project("{8BC9CEB8-8B4A-11D0-8D11-00A0C91BC942}") = "CIS22C Lab 3 - Lists, Stacks, and Queues", "CIS22C Lab 3 - Lists, Stacks, and Queues\CIS22C Lab 3 - Lists, Stacks, and Queues.vcxproj", "{9785C87B-5221-4D47-8A54-2BC35DCBB9B8}"
EndProject
Global
	GlobalSection(SolutionConfigurationPlatforms) = preSolution
		Debug|x64 = Debug|x64
		Debug|x86 = Debug|x86
		Release|x64 = Release|x64
		Release|x86 = Release|x86
	EndGlobalSection
	GlobalSection(ProjectConfigurationPlatforms) = postSolution
		{9785C87B-5221-4D47-8A54-2BC35DCBB9B8}.Debug|x64.ActiveCfg = Debug|x64
		{9785C87B-5221-4D47-8A54-2BC35DCBB9B8}.Debug|x64.Build.0 = Debug|x64
		{9785C87B-5221-4D47-8A54-2BC35DCBB9B8}.Debug|x86.ActiveCfg = Debug|Win32
		{9785C87B-5221-4D47-8A54-2BC35DCBB9B8}.Debug|x86.Build.0 = Debug|Win32
		{9785C87B-5221-4D47-8A54-2BC35DCBB9B8}.Release|x64.ActiveCfg = Release|x64
		{9785C87B-5221-4D47-8A54-2BC35DCBB9B8}.Release|x64.Build.0 = Release|x64
		{9785C87B-5221-4D47-8A54-2BC35DCBB9B8}.Release|x86.ActiveCfg = Release|Win32
		{9785C87B-5221-4D47-8A54-2BC35DCBB9B8}.Release|x86.Build.0 = Release|Win32
	EndGlobalSection
	GlobalSection(SolutionProperties) = preSolution
		HideSolutionNode = FALSE
	EndGlobalSection
	GlobalSection(ExtensibilityGlobals) = postSolution
		SolutionGuid = {6FB0D3E6-59E9-488F-9B33-4C39AEB20B00}
	EndGlobalSection
EndGlobal
